
Microsoft Visual Studio Solution File, Format Version 12.00
# Visual Studio 15
Project("{FAE04EC0-301F-11D3-BF4B-00C04F79EFBC}") = "Speedlimit", "Speedlimit\Speedlimit.csproj", "{DB352BEC-B8C0-4EE0-B858-C347FBF3D490}"
EndProject
Global
	GlobalSection(SolutionConfigurationPlatforms) = preSolution
		Debug|anycpu = Debug|anycpu
		Release|anycpu = Release|anycpu
	EndGlobalSection
	GlobalSection(ProjectConfigurationPlatforms) = postSolution
		{DB352BEC-B8C0-4EE0-B858-C347FBF3D490}.Debug|anycpu.ActiveCfg = Debug|anycpu
		{DB352BEC-B8C0-4EE0-B858-C347FBF3D490}.Debug|anycpu.Build.0 = Debug|anycpu
		{DB352BEC-B8C0-4EE0-B858-C347FBF3D490}.Release|anycpu.ActiveCfg = Release|anycpu
		{DB352BEC-B8C0-4EE0-B858-C347FBF3D490}.Release|anycpu.Build.0 = Release|anycpu
	EndGlobalSection
EndGlobal
