
Microsoft Visual Studio Solution File, Format Version 12.00
# Visual Studio 15
Project("{FAE04EC0-301F-11D3-BF4B-00C04F79EFBC}") = "Exercise-ControlFlow", "Exercise-ControlFlow\Exercise-ControlFlow.csproj", "{696ED76A-8167-4AA5-B0BE-B6BF001E6B6B}"
EndProject
Global
	GlobalSection(SolutionConfigurationPlatforms) = preSolution
		Debug|anycpu = Debug|anycpu
		Release|anycpu = Release|anycpu
	EndGlobalSection
	GlobalSection(ProjectConfigurationPlatforms) = postSolution
		{696ED76A-8167-4AA5-B0BE-B6BF001E6B6B}.Debug|anycpu.ActiveCfg = Debug|anycpu
		{696ED76A-8167-4AA5-B0BE-B6BF001E6B6B}.Debug|anycpu.Build.0 = Debug|anycpu
		{696ED76A-8167-4AA5-B0BE-B6BF001E6B6B}.Release|anycpu.ActiveCfg = Release|anycpu
		{696ED76A-8167-4AA5-B0BE-B6BF001E6B6B}.Release|anycpu.Build.0 = Release|anycpu
	EndGlobalSection
EndGlobal
