
Microsoft Visual Studio Solution File, Format Version 12.00
# Visual Studio 15
Project("{FAE04EC0-301F-11D3-BF4B-00C04F79EFBC}") = "Exercise-56", "Exercise-56\Exercise-56.csproj", "{AC0D95A4-1996-4091-9AD5-B7FC4038CC65}"
EndProject
Global
	GlobalSection(SolutionConfigurationPlatforms) = preSolution
		Debug|anycpu = Debug|anycpu
		Release|anycpu = Release|anycpu
	EndGlobalSection
	GlobalSection(ProjectConfigurationPlatforms) = postSolution
		{AC0D95A4-1996-4091-9AD5-B7FC4038CC65}.Debug|anycpu.ActiveCfg = Debug|anycpu
		{AC0D95A4-1996-4091-9AD5-B7FC4038CC65}.Debug|anycpu.Build.0 = Debug|anycpu
		{AC0D95A4-1996-4091-9AD5-B7FC4038CC65}.Release|anycpu.ActiveCfg = Release|anycpu
		{AC0D95A4-1996-4091-9AD5-B7FC4038CC65}.Release|anycpu.Build.0 = Release|anycpu
	EndGlobalSection
EndGlobal
