
Microsoft Visual Studio Solution File, Format Version 12.00
# Visual Studio 15
Project("{FAE04EC0-301F-11D3-BF4B-00C04F79EFBC}") = "Exercises", "Exercises\Exercises.csproj", "{DFD0B744-DC95-42D5-B84D-CFB57D631841}"
EndProject
Global
	GlobalSection(SolutionConfigurationPlatforms) = preSolution
		Debug|anycpu = Debug|anycpu
		Release|anycpu = Release|anycpu
	EndGlobalSection
	GlobalSection(ProjectConfigurationPlatforms) = postSolution
		{DFD0B744-DC95-42D5-B84D-CFB57D631841}.Debug|anycpu.ActiveCfg = Debug|anycpu
		{DFD0B744-DC95-42D5-B84D-CFB57D631841}.Debug|anycpu.Build.0 = Debug|anycpu
		{DFD0B744-DC95-42D5-B84D-CFB57D631841}.Release|anycpu.ActiveCfg = Release|anycpu
		{DFD0B744-DC95-42D5-B84D-CFB57D631841}.Release|anycpu.Build.0 = Release|anycpu
	EndGlobalSection
EndGlobal
